// !$*UTF8*$!
{
	archiveVersion = 1;
	classes = {
	};
	objectVersion = 46;
	objects = {

/* Begin PBXBuildFile section */
		56AC650B47D9F0140A474F67 /* Pods_BibSenac.framework in Frameworks */ = {isa = PBXBuildFile; fileRef = A411DA7603E7C0323B1BF45C /* Pods_BibSenac.framework */; };
		ADB3C41F03E0E56E2670D1DA /* Pods_BibSenacUITests.framework in Frameworks */ = {isa = PBXBuildFile; fileRef = 32F8E27B63C88E5CD1E0F46A /* Pods_BibSenacUITests.framework */; };
		BA626B688C2FC668FB460806 /* Pods_BibSenacTests.framework in Frameworks */ = {isa = PBXBuildFile; fileRef = 2DEC1FA97A90EE3EF869FBAC /* Pods_BibSenacTests.framework */; };
		F105CFDE1DF28D3D0092C407 /* SearchService.swift in Sources */ = {isa = PBXBuildFile; fileRef = F105CFDD1DF28D3D0092C407 /* SearchService.swift */; };
		F105CFE01DF28D430092C407 /* SearchResults.swift in Sources */ = {isa = PBXBuildFile; fileRef = F105CFDF1DF28D430092C407 /* SearchResults.swift */; };
		FF0CE3091DE9BFAC00CD5006 /* AppDelegate.swift in Sources */ = {isa = PBXBuildFile; fileRef = FF0CE3081DE9BFAC00CD5006 /* AppDelegate.swift */; };
		FF0CE30E1DE9BFAC00CD5006 /* Main.storyboard in Resources */ = {isa = PBXBuildFile; fileRef = FF0CE30C1DE9BFAC00CD5006 /* Main.storyboard */; };
		FF0CE3101DE9BFAC00CD5006 /* Assets.xcassets in Resources */ = {isa = PBXBuildFile; fileRef = FF0CE30F1DE9BFAC00CD5006 /* Assets.xcassets */; };
		FF0CE3131DE9BFAC00CD5006 /* LaunchScreen.storyboard in Resources */ = {isa = PBXBuildFile; fileRef = FF0CE3111DE9BFAC00CD5006 /* LaunchScreen.storyboard */; };
		FF0CE31E1DE9BFAC00CD5006 /* BibSenacTests.swift in Sources */ = {isa = PBXBuildFile; fileRef = FF0CE31D1DE9BFAC00CD5006 /* BibSenacTests.swift */; };
		FF0CE3291DE9BFAC00CD5006 /* BibSenacUITests.swift in Sources */ = {isa = PBXBuildFile; fileRef = FF0CE3281DE9BFAC00CD5006 /* BibSenacUITests.swift */; };
		FF0CE3371DE9C50300CD5006 /* Acervo.swift in Sources */ = {isa = PBXBuildFile; fileRef = FF0CE3361DE9C50300CD5006 /* Acervo.swift */; };
		FF0CE33C1DE9C56500CD5006 /* Disponibilidade.swift in Sources */ = {isa = PBXBuildFile; fileRef = FF0CE33B1DE9C56500CD5006 /* Disponibilidade.swift */; };
		FF0CE33E1DE9C59A00CD5006 /* SearchViewController.swift in Sources */ = {isa = PBXBuildFile; fileRef = FF0CE33D1DE9C59A00CD5006 /* SearchViewController.swift */; };
		FF0CE3411DE9C5D300CD5006 /* TableViewController.swift in Sources */ = {isa = PBXBuildFile; fileRef = FF0CE3401DE9C5D300CD5006 /* TableViewController.swift */; };
		FF0CE3431DE9C5ED00CD5006 /* DetailViewController.swift in Sources */ = {isa = PBXBuildFile; fileRef = FF0CE3421DE9C5ED00CD5006 /* DetailViewController.swift */; };
		FF0CE3451DE9EEA300CD5006 /* AvailableTableViewController.swift in Sources */ = {isa = PBXBuildFile; fileRef = FF0CE3441DE9EEA300CD5006 /* AvailableTableViewController.swift */; };
/* End PBXBuildFile section */

/* Begin PBXContainerItemProxy section */
		FF0CE31A1DE9BFAC00CD5006 /* PBXContainerItemProxy */ = {
			isa = PBXContainerItemProxy;
			containerPortal = FF0CE2FD1DE9BFAC00CD5006 /* Project object */;
			proxyType = 1;
			remoteGlobalIDString = FF0CE3041DE9BFAC00CD5006;
			remoteInfo = BibSenac;
		};
		FF0CE3251DE9BFAC00CD5006 /* PBXContainerItemProxy */ = {
			isa = PBXContainerItemProxy;
			containerPortal = FF0CE2FD1DE9BFAC00CD5006 /* Project object */;
			proxyType = 1;
			remoteGlobalIDString = FF0CE3041DE9BFAC00CD5006;
			remoteInfo = BibSenac;
		};
/* End PBXContainerItemProxy section */

/* Begin PBXFileReference section */
		274A86B564AC1C6B473C7461 /* Pods-BibSenacTests.release.xcconfig */ = {isa = PBXFileReference; includeInIndex = 1; lastKnownFileType = text.xcconfig; name = "Pods-BibSenacTests.release.xcconfig"; path = "Pods/Target Support Files/Pods-BibSenacTests/Pods-BibSenacTests.release.xcconfig"; sourceTree = "<group>"; };
		2DEC1FA97A90EE3EF869FBAC /* Pods_BibSenacTests.framework */ = {isa = PBXFileReference; explicitFileType = wrapper.framework; includeInIndex = 0; path = Pods_BibSenacTests.framework; sourceTree = BUILT_PRODUCTS_DIR; };
		302DC2468372330D2EB94655 /* Pods-BibSenac.debug.xcconfig */ = {isa = PBXFileReference; includeInIndex = 1; lastKnownFileType = text.xcconfig; name = "Pods-BibSenac.debug.xcconfig"; path = "Pods/Target Support Files/Pods-BibSenac/Pods-BibSenac.debug.xcconfig"; sourceTree = "<group>"; };
		31A83E05B867F6BB2154DC12 /* Pods-BibSenacUITests.release.xcconfig */ = {isa = PBXFileReference; includeInIndex = 1; lastKnownFileType = text.xcconfig; name = "Pods-BibSenacUITests.release.xcconfig"; path = "Pods/Target Support Files/Pods-BibSenacUITests/Pods-BibSenacUITests.release.xcconfig"; sourceTree = "<group>"; };
		32F8E27B63C88E5CD1E0F46A /* Pods_BibSenacUITests.framework */ = {isa = PBXFileReference; explicitFileType = wrapper.framework; includeInIndex = 0; path = Pods_BibSenacUITests.framework; sourceTree = BUILT_PRODUCTS_DIR; };
		47BFC38BFD31EBA71EA6103F /* Pods-BibSenacUITests.debug.xcconfig */ = {isa = PBXFileReference; includeInIndex = 1; lastKnownFileType = text.xcconfig; name = "Pods-BibSenacUITests.debug.xcconfig"; path = "Pods/Target Support Files/Pods-BibSenacUITests/Pods-BibSenacUITests.debug.xcconfig"; sourceTree = "<group>"; };
		A411DA7603E7C0323B1BF45C /* Pods_BibSenac.framework */ = {isa = PBXFileReference; explicitFileType = wrapper.framework; includeInIndex = 0; path = Pods_BibSenac.framework; sourceTree = BUILT_PRODUCTS_DIR; };
		CFAC0BA43E01518724F75EBF /* Pods-BibSenacTests.debug.xcconfig */ = {isa = PBXFileReference; includeInIndex = 1; lastKnownFileType = text.xcconfig; name = "Pods-BibSenacTests.debug.xcconfig"; path = "Pods/Target Support Files/Pods-BibSenacTests/Pods-BibSenacTests.debug.xcconfig"; sourceTree = "<group>"; };
		E21CBF60F5B2E704DA2EACFA /* Pods-BibSenac.release.xcconfig */ = {isa = PBXFileReference; includeInIndex = 1; lastKnownFileType = text.xcconfig; name = "Pods-BibSenac.release.xcconfig"; path = "Pods/Target Support Files/Pods-BibSenac/Pods-BibSenac.release.xcconfig"; sourceTree = "<group>"; };
		F105CFDD1DF28D3D0092C407 /* SearchService.swift */ = {isa = PBXFileReference; fileEncoding = 4; lastKnownFileType = sourcecode.swift; path = SearchService.swift; sourceTree = "<group>"; };
		F105CFDF1DF28D430092C407 /* SearchResults.swift */ = {isa = PBXFileReference; fileEncoding = 4; lastKnownFileType = sourcecode.swift; path = SearchResults.swift; sourceTree = "<group>"; };
		FF0CE3051DE9BFAC00CD5006 /* BibSenac.app */ = {isa = PBXFileReference; explicitFileType = wrapper.application; includeInIndex = 0; path = BibSenac.app; sourceTree = BUILT_PRODUCTS_DIR; };
		FF0CE3081DE9BFAC00CD5006 /* AppDelegate.swift */ = {isa = PBXFileReference; lastKnownFileType = sourcecode.swift; path = AppDelegate.swift; sourceTree = "<group>"; };
		FF0CE30D1DE9BFAC00CD5006 /* Base */ = {isa = PBXFileReference; lastKnownFileType = file.storyboard; name = Base; path = Base.lproj/Main.storyboard; sourceTree = "<group>"; };
		FF0CE30F1DE9BFAC00CD5006 /* Assets.xcassets */ = {isa = PBXFileReference; lastKnownFileType = folder.assetcatalog; path = Assets.xcassets; sourceTree = "<group>"; };
		FF0CE3121DE9BFAC00CD5006 /* Base */ = {isa = PBXFileReference; lastKnownFileType = file.storyboard; name = Base; path = Base.lproj/LaunchScreen.storyboard; sourceTree = "<group>"; };
		FF0CE3141DE9BFAC00CD5006 /* Info.plist */ = {isa = PBXFileReference; lastKnownFileType = text.plist.xml; path = Info.plist; sourceTree = "<group>"; };
		FF0CE3191DE9BFAC00CD5006 /* BibSenacTests.xctest */ = {isa = PBXFileReference; explicitFileType = wrapper.cfbundle; includeInIndex = 0; path = BibSenacTests.xctest; sourceTree = BUILT_PRODUCTS_DIR; };
		FF0CE31D1DE9BFAC00CD5006 /* BibSenacTests.swift */ = {isa = PBXFileReference; lastKnownFileType = sourcecode.swift; path = BibSenacTests.swift; sourceTree = "<group>"; };
		FF0CE31F1DE9BFAC00CD5006 /* Info.plist */ = {isa = PBXFileReference; lastKnownFileType = text.plist.xml; path = Info.plist; sourceTree = "<group>"; };
		FF0CE3241DE9BFAC00CD5006 /* BibSenacUITests.xctest */ = {isa = PBXFileReference; explicitFileType = wrapper.cfbundle; includeInIndex = 0; path = BibSenacUITests.xctest; sourceTree = BUILT_PRODUCTS_DIR; };
		FF0CE3281DE9BFAC00CD5006 /* BibSenacUITests.swift */ = {isa = PBXFileReference; lastKnownFileType = sourcecode.swift; path = BibSenacUITests.swift; sourceTree = "<group>"; };
		FF0CE32A1DE9BFAC00CD5006 /* Info.plist */ = {isa = PBXFileReference; lastKnownFileType = text.plist.xml; path = Info.plist; sourceTree = "<group>"; };
		FF0CE3361DE9C50300CD5006 /* Acervo.swift */ = {isa = PBXFileReference; fileEncoding = 4; lastKnownFileType = sourcecode.swift; path = Acervo.swift; sourceTree = "<group>"; };
		FF0CE33B1DE9C56500CD5006 /* Disponibilidade.swift */ = {isa = PBXFileReference; fileEncoding = 4; lastKnownFileType = sourcecode.swift; path = Disponibilidade.swift; sourceTree = "<group>"; };
		FF0CE33D1DE9C59A00CD5006 /* SearchViewController.swift */ = {isa = PBXFileReference; fileEncoding = 4; lastKnownFileType = sourcecode.swift; path = SearchViewController.swift; sourceTree = "<group>"; };
		FF0CE3401DE9C5D300CD5006 /* TableViewController.swift */ = {isa = PBXFileReference; fileEncoding = 4; lastKnownFileType = sourcecode.swift; path = TableViewController.swift; sourceTree = "<group>"; };
		FF0CE3421DE9C5ED00CD5006 /* DetailViewController.swift */ = {isa = PBXFileReference; fileEncoding = 4; lastKnownFileType = sourcecode.swift; path = DetailViewController.swift; sourceTree = "<group>"; };
		FF0CE3441DE9EEA300CD5006 /* AvailableTableViewController.swift */ = {isa = PBXFileReference; fileEncoding = 4; lastKnownFileType = sourcecode.swift; path = AvailableTableViewController.swift; sourceTree = "<group>"; };
/* End PBXFileReference section */

/* Begin PBXFrameworksBuildPhase section */
		FF0CE3021DE9BFAC00CD5006 /* Frameworks */ = {
			isa = PBXFrameworksBuildPhase;
			buildActionMask = 2147483647;
			files = (
				56AC650B47D9F0140A474F67 /* Pods_BibSenac.framework in Frameworks */,
			);
			runOnlyForDeploymentPostprocessing = 0;
		};
		FF0CE3161DE9BFAC00CD5006 /* Frameworks */ = {
			isa = PBXFrameworksBuildPhase;
			buildActionMask = 2147483647;
			files = (
				BA626B688C2FC668FB460806 /* Pods_BibSenacTests.framework in Frameworks */,
			);
			runOnlyForDeploymentPostprocessing = 0;
		};
		FF0CE3211DE9BFAC00CD5006 /* Frameworks */ = {
			isa = PBXFrameworksBuildPhase;
			buildActionMask = 2147483647;
			files = (
				ADB3C41F03E0E56E2670D1DA /* Pods_BibSenacUITests.framework in Frameworks */,
			);
			runOnlyForDeploymentPostprocessing = 0;
		};
/* End PBXFrameworksBuildPhase section */

/* Begin PBXGroup section */
		59F2AC8066E410C3572712D5 /* Pods */ = {
			isa = PBXGroup;
			children = (
				302DC2468372330D2EB94655 /* Pods-BibSenac.debug.xcconfig */,
				E21CBF60F5B2E704DA2EACFA /* Pods-BibSenac.release.xcconfig */,
				CFAC0BA43E01518724F75EBF /* Pods-BibSenacTests.debug.xcconfig */,
				274A86B564AC1C6B473C7461 /* Pods-BibSenacTests.release.xcconfig */,
				47BFC38BFD31EBA71EA6103F /* Pods-BibSenacUITests.debug.xcconfig */,
				31A83E05B867F6BB2154DC12 /* Pods-BibSenacUITests.release.xcconfig */,
			);
			name = Pods;
			sourceTree = "<group>";
		};
		95D20CA3705F7386F6045112 /* Frameworks */ = {
			isa = PBXGroup;
			children = (
				A411DA7603E7C0323B1BF45C /* Pods_BibSenac.framework */,
				2DEC1FA97A90EE3EF869FBAC /* Pods_BibSenacTests.framework */,
				32F8E27B63C88E5CD1E0F46A /* Pods_BibSenacUITests.framework */,
			);
			name = Frameworks;
			sourceTree = "<group>";
		};
		F105CFDA1DF28B4D0092C407 /* Services */ = {
			isa = PBXGroup;
			children = (
				F105CFDD1DF28D3D0092C407 /* SearchService.swift */,
			);
			name = Services;
			sourceTree = "<group>";
		};
		FF0CE2FC1DE9BFAC00CD5006 = {
			isa = PBXGroup;
			children = (
				FF0CE3071DE9BFAC00CD5006 /* BibSenac */,
				FF0CE31C1DE9BFAC00CD5006 /* BibSenacTests */,
				FF0CE3271DE9BFAC00CD5006 /* BibSenacUITests */,
				FF0CE3061DE9BFAC00CD5006 /* Products */,
				59F2AC8066E410C3572712D5 /* Pods */,
				95D20CA3705F7386F6045112 /* Frameworks */,
			);
			sourceTree = "<group>";
		};
		FF0CE3061DE9BFAC00CD5006 /* Products */ = {
			isa = PBXGroup;
			children = (
				FF0CE3051DE9BFAC00CD5006 /* BibSenac.app */,
				FF0CE3191DE9BFAC00CD5006 /* BibSenacTests.xctest */,
				FF0CE3241DE9BFAC00CD5006 /* BibSenacUITests.xctest */,
			);
			name = Products;
			sourceTree = "<group>";
		};
		FF0CE3071DE9BFAC00CD5006 /* BibSenac */ = {
			isa = PBXGroup;
			children = (
				F105CFDA1DF28B4D0092C407 /* Services */,
				FF0CE3381DE9C52B00CD5006 /* SupportFiles */,
				FF0CE33F1DE9C5A700CD5006 /* Controller */,
				FF0CE3391DE9C53A00CD5006 /* View */,
				FF0CE33A1DE9C54200CD5006 /* Model */,
			);
			path = BibSenac;
			sourceTree = "<group>";
		};
		FF0CE31C1DE9BFAC00CD5006 /* BibSenacTests */ = {
			isa = PBXGroup;
			children = (
				FF0CE31D1DE9BFAC00CD5006 /* BibSenacTests.swift */,
				FF0CE31F1DE9BFAC00CD5006 /* Info.plist */,
			);
			path = BibSenacTests;
			sourceTree = "<group>";
		};
		FF0CE3271DE9BFAC00CD5006 /* BibSenacUITests */ = {
			isa = PBXGroup;
			children = (
				FF0CE3281DE9BFAC00CD5006 /* BibSenacUITests.swift */,
				FF0CE32A1DE9BFAC00CD5006 /* Info.plist */,
			);
			path = BibSenacUITests;
			sourceTree = "<group>";
		};
		FF0CE3381DE9C52B00CD5006 /* SupportFiles */ = {
			isa = PBXGroup;
			children = (
				FF0CE3081DE9BFAC00CD5006 /* AppDelegate.swift */,
				FF0CE30F1DE9BFAC00CD5006 /* Assets.xcassets */,
				FF0CE3111DE9BFAC00CD5006 /* LaunchScreen.storyboard */,
				FF0CE3141DE9BFAC00CD5006 /* Info.plist */,
			);
			name = SupportFiles;
			sourceTree = "<group>";
		};
		FF0CE3391DE9C53A00CD5006 /* View */ = {
			isa = PBXGroup;
			children = (
				FF0CE30C1DE9BFAC00CD5006 /* Main.storyboard */,
			);
			name = View;
			sourceTree = "<group>";
		};
		FF0CE33A1DE9C54200CD5006 /* Model */ = {
			isa = PBXGroup;
			children = (
				F105CFDF1DF28D430092C407 /* SearchResults.swift */,
				FF0CE3361DE9C50300CD5006 /* Acervo.swift */,
				FF0CE33B1DE9C56500CD5006 /* Disponibilidade.swift */,
			);
			name = Model;
			sourceTree = "<group>";
		};
		FF0CE33F1DE9C5A700CD5006 /* Controller */ = {
			isa = PBXGroup;
			children = (
				FF0CE33D1DE9C59A00CD5006 /* SearchViewController.swift */,
				FF0CE3401DE9C5D300CD5006 /* TableViewController.swift */,
				FF0CE3421DE9C5ED00CD5006 /* DetailViewController.swift */,
				FF0CE3441DE9EEA300CD5006 /* AvailableTableViewController.swift */,
			);
			name = Controller;
			sourceTree = "<group>";
		};
/* End PBXGroup section */

/* Begin PBXNativeTarget section */
		FF0CE3041DE9BFAC00CD5006 /* BibSenac */ = {
			isa = PBXNativeTarget;
			buildConfigurationList = FF0CE32D1DE9BFAC00CD5006 /* Build configuration list for PBXNativeTarget "BibSenac" */;
			buildPhases = (
				B0137D88F1E374EE53CDAF70 /* [CP] Check Pods Manifest.lock */,
				FF0CE3011DE9BFAC00CD5006 /* Sources */,
				FF0CE3021DE9BFAC00CD5006 /* Frameworks */,
				FF0CE3031DE9BFAC00CD5006 /* Resources */,
				69BB6D13952D4FA6E0D86EDD /* [CP] Embed Pods Frameworks */,
				F7DCDAD866E47DF0199F5529 /* [CP] Copy Pods Resources */,
			);
			buildRules = (
			);
			dependencies = (
			);
			name = BibSenac;
			productName = BibSenac;
			productReference = FF0CE3051DE9BFAC00CD5006 /* BibSenac.app */;
			productType = "com.apple.product-type.application";
		};
		FF0CE3181DE9BFAC00CD5006 /* BibSenacTests */ = {
			isa = PBXNativeTarget;
			buildConfigurationList = FF0CE3301DE9BFAC00CD5006 /* Build configuration list for PBXNativeTarget "BibSenacTests" */;
			buildPhases = (
				61487567501096DF70543917 /* [CP] Check Pods Manifest.lock */,
				FF0CE3151DE9BFAC00CD5006 /* Sources */,
				FF0CE3161DE9BFAC00CD5006 /* Frameworks */,
				FF0CE3171DE9BFAC00CD5006 /* Resources */,
				EA12BBA6B7EC8C0A20692233 /* [CP] Embed Pods Frameworks */,
				56C5E5371E2406F8A904BD97 /* [CP] Copy Pods Resources */,
			);
			buildRules = (
			);
			dependencies = (
				FF0CE31B1DE9BFAC00CD5006 /* PBXTargetDependency */,
			);
			name = BibSenacTests;
			productName = BibSenacTests;
			productReference = FF0CE3191DE9BFAC00CD5006 /* BibSenacTests.xctest */;
			productType = "com.apple.product-type.bundle.unit-test";
		};
		FF0CE3231DE9BFAC00CD5006 /* BibSenacUITests */ = {
			isa = PBXNativeTarget;
			buildConfigurationList = FF0CE3331DE9BFAC00CD5006 /* Build configuration list for PBXNativeTarget "BibSenacUITests" */;
			buildPhases = (
				E67B1672BD672ED02715C5A3 /* [CP] Check Pods Manifest.lock */,
				FF0CE3201DE9BFAC00CD5006 /* Sources */,
				FF0CE3211DE9BFAC00CD5006 /* Frameworks */,
				FF0CE3221DE9BFAC00CD5006 /* Resources */,
				399E8B0CC23F2D0A280E6D4F /* [CP] Embed Pods Frameworks */,
				8BF411DD74CBE5AC2073E9D1 /* [CP] Copy Pods Resources */,
			);
			buildRules = (
			);
			dependencies = (
				FF0CE3261DE9BFAC00CD5006 /* PBXTargetDependency */,
			);
			name = BibSenacUITests;
			productName = BibSenacUITests;
			productReference = FF0CE3241DE9BFAC00CD5006 /* BibSenacUITests.xctest */;
			productType = "com.apple.product-type.bundle.ui-testing";
		};
/* End PBXNativeTarget section */

/* Begin PBXProject section */
		FF0CE2FD1DE9BFAC00CD5006 /* Project object */ = {
			isa = PBXProject;
			attributes = {
				LastSwiftUpdateCheck = 0810;
				LastUpgradeCheck = 0810;
				ORGANIZATIONNAME = "Edm Senac Projeto IOS";
				TargetAttributes = {
					FF0CE3041DE9BFAC00CD5006 = {
						CreatedOnToolsVersion = 8.1;
						ProvisioningStyle = Automatic;
					};
					FF0CE3181DE9BFAC00CD5006 = {
						CreatedOnToolsVersion = 8.1;
						ProvisioningStyle = Automatic;
						TestTargetID = FF0CE3041DE9BFAC00CD5006;
					};
					FF0CE3231DE9BFAC00CD5006 = {
						CreatedOnToolsVersion = 8.1;
						ProvisioningStyle = Automatic;
						TestTargetID = FF0CE3041DE9BFAC00CD5006;
					};
				};
			};
			buildConfigurationList = FF0CE3001DE9BFAC00CD5006 /* Build configuration list for PBXProject "BibSenac" */;
			compatibilityVersion = "Xcode 3.2";
			developmentRegion = English;
			hasScannedForEncodings = 0;
			knownRegions = (
				en,
				Base,
			);
			mainGroup = FF0CE2FC1DE9BFAC00CD5006;
			productRefGroup = FF0CE3061DE9BFAC00CD5006 /* Products */;
			projectDirPath = "";
			projectRoot = "";
			targets = (
				FF0CE3041DE9BFAC00CD5006 /* BibSenac */,
				FF0CE3181DE9BFAC00CD5006 /* BibSenacTests */,
				FF0CE3231DE9BFAC00CD5006 /* BibSenacUITests */,
			);
		};
/* End PBXProject section */

/* Begin PBXResourcesBuildPhase section */
		FF0CE3031DE9BFAC00CD5006 /* Resources */ = {
			isa = PBXResourcesBuildPhase;
			buildActionMask = 2147483647;
			files = (
				FF0CE3131DE9BFAC00CD5006 /* LaunchScreen.storyboard in Resources */,
				FF0CE3101DE9BFAC00CD5006 /* Assets.xcassets in Resources */,
				FF0CE30E1DE9BFAC00CD5006 /* Main.storyboard in Resources */,
			);
			runOnlyForDeploymentPostprocessing = 0;
		};
		FF0CE3171DE9BFAC00CD5006 /* Resources */ = {
			isa = PBXResourcesBuildPhase;
			buildActionMask = 2147483647;
			files = (
			);
			runOnlyForDeploymentPostprocessing = 0;
		};
		FF0CE3221DE9BFAC00CD5006 /* Resources */ = {
			isa = PBXResourcesBuildPhase;
			buildActionMask = 2147483647;
			files = (
			);
			runOnlyForDeploymentPostprocessing = 0;
		};
/* End PBXResourcesBuildPhase section */

/* Begin PBXShellScriptBuildPhase section */
		399E8B0CC23F2D0A280E6D4F /* [CP] Embed Pods Frameworks */ = {
			isa = PBXShellScriptBuildPhase;
			buildActionMask = 2147483647;
			files = (
			);
			inputPaths = (
			);
			name = "[CP] Embed Pods Frameworks";
			outputPaths = (
			);
			runOnlyForDeploymentPostprocessing = 0;
			shellPath = /bin/sh;
			shellScript = "\"${SRCROOT}/Pods/Target Support Files/Pods-BibSenacUITests/Pods-BibSenacUITests-frameworks.sh\"\n";
			showEnvVarsInLog = 0;
		};
		56C5E5371E2406F8A904BD97 /* [CP] Copy Pods Resources */ = {
			isa = PBXShellScriptBuildPhase;
			buildActionMask = 2147483647;
			files = (
			);
			inputPaths = (
			);
			name = "[CP] Copy Pods Resources";
			outputPaths = (
			);
			runOnlyForDeploymentPostprocessing = 0;
			shellPath = /bin/sh;
			shellScript = "\"${SRCROOT}/Pods/Target Support Files/Pods-BibSenacTests/Pods-BibSenacTests-resources.sh\"\n";
			showEnvVarsInLog = 0;
		};
		61487567501096DF70543917 /* [CP] Check Pods Manifest.lock */ = {
			isa = PBXShellScriptBuildPhase;
			buildActionMask = 2147483647;
			files = (
			);
			inputPaths = (
			);
			name = "[CP] Check Pods Manifest.lock";
			outputPaths = (
			);
			runOnlyForDeploymentPostprocessing = 0;
			shellPath = /bin/sh;
			shellScript = "diff \"${PODS_ROOT}/../Podfile.lock\" \"${PODS_ROOT}/Manifest.lock\" > /dev/null\nif [ $? != 0 ] ; then\n    # print error to STDERR\n    echo \"error: The sandbox is not in sync with the Podfile.lock. Run 'pod install' or update your CocoaPods installation.\" >&2\n    exit 1\nfi\n";
			showEnvVarsInLog = 0;
		};
		69BB6D13952D4FA6E0D86EDD /* [CP] Embed Pods Frameworks */ = {
			isa = PBXShellScriptBuildPhase;
			buildActionMask = 2147483647;
			files = (
			);
			inputPaths = (
			);
			name = "[CP] Embed Pods Frameworks";
			outputPaths = (
			);
			runOnlyForDeploymentPostprocessing = 0;
			shellPath = /bin/sh;
			shellScript = "\"${SRCROOT}/Pods/Target Support Files/Pods-BibSenac/Pods-BibSenac-frameworks.sh\"\n";
			showEnvVarsInLog = 0;
		};
		8BF411DD74CBE5AC2073E9D1 /* [CP] Copy Pods Resources */ = {
			isa = PBXShellScriptBuildPhase;
			buildActionMask = 2147483647;
			files = (
			);
			inputPaths = (
			);
			name = "[CP] Copy Pods Resources";
			outputPaths = (
			);
			runOnlyForDeploymentPostprocessing = 0;
			shellPath = /bin/sh;
			shellScript = "\"${SRCROOT}/Pods/Target Support Files/Pods-BibSenacUITests/Pods-BibSenacUITests-resources.sh\"\n";
			showEnvVarsInLog = 0;
		};
		B0137D88F1E374EE53CDAF70 /* [CP] Check Pods Manifest.lock */ = {
			isa = PBXShellScriptBuildPhase;
			buildActionMask = 2147483647;
			files = (
			);
			inputPaths = (
			);
			name = "[CP] Check Pods Manifest.lock";
			outputPaths = (
			);
			runOnlyForDeploymentPostprocessing = 0;
			shellPath = /bin/sh;
			shellScript = "diff \"${PODS_ROOT}/../Podfile.lock\" \"${PODS_ROOT}/Manifest.lock\" > /dev/null\nif [ $? != 0 ] ; then\n    # print error to STDERR\n    echo \"error: The sandbox is not in sync with the Podfile.lock. Run 'pod install' or update your CocoaPods installation.\" >&2\n    exit 1\nfi\n";
			showEnvVarsInLog = 0;
		};
		E67B1672BD672ED02715C5A3 /* [CP] Check Pods Manifest.lock */ = {
			isa = PBXShellScriptBuildPhase;
			buildActionMask = 2147483647;
			files = (
			);
			inputPaths = (
			);
			name = "[CP] Check Pods Manifest.lock";
			outputPaths = (
			);
			runOnlyForDeploymentPostprocessing = 0;
			shellPath = /bin/sh;
			shellScript = "diff \"${PODS_ROOT}/../Podfile.lock\" \"${PODS_ROOT}/Manifest.lock\" > /dev/null\nif [ $? != 0 ] ; then\n    # print error to STDERR\n    echo \"error: The sandbox is not in sync with the Podfile.lock. Run 'pod install' or update your CocoaPods installation.\" >&2\n    exit 1\nfi\n";
			showEnvVarsInLog = 0;
		};
		EA12BBA6B7EC8C0A20692233 /* [CP] Embed Pods Frameworks */ = {
			isa = PBXShellScriptBuildPhase;
			buildActionMask = 2147483647;
			files = (
			);
			inputPaths = (
			);
			name = "[CP] Embed Pods Frameworks";
			outputPaths = (
			);
			runOnlyForDeploymentPostprocessing = 0;
			shellPath = /bin/sh;
			shellScript = "\"${SRCROOT}/Pods/Target Support Files/Pods-BibSenacTests/Pods-BibSenacTests-frameworks.sh\"\n";
			showEnvVarsInLog = 0;
		};
		F7DCDAD866E47DF0199F5529 /* [CP] Copy Pods Resources */ = {
			isa = PBXShellScriptBuildPhase;
			buildActionMask = 2147483647;
			files = (
			);
			inputPaths = (
			);
			name = "[CP] Copy Pods Resources";
			outputPaths = (
			);
			runOnlyForDeploymentPostprocessing = 0;
			shellPath = /bin/sh;
			shellScript = "\"${SRCROOT}/Pods/Target Support Files/Pods-BibSenac/Pods-BibSenac-resources.sh\"\n";
			showEnvVarsInLog = 0;
		};
/* End PBXShellScriptBuildPhase section */

/* Begin PBXSourcesBuildPhase section */
		FF0CE3011DE9BFAC00CD5006 /* Sources */ = {
			isa = PBXSourcesBuildPhase;
			buildActionMask = 2147483647;
			files = (
				FF0CE3371DE9C50300CD5006 /* Acervo.swift in Sources */,
				FF0CE33C1DE9C56500CD5006 /* Disponibilidade.swift in Sources */,
				FF0CE33E1DE9C59A00CD5006 /* SearchViewController.swift in Sources */,
				FF0CE3431DE9C5ED00CD5006 /* DetailViewController.swift in Sources */,
				FF0CE3411DE9C5D300CD5006 /* TableViewController.swift in Sources */,
				F105CFDE1DF28D3D0092C407 /* SearchService.swift in Sources */,
				FF0CE3091DE9BFAC00CD5006 /* AppDelegate.swift in Sources */,
				F105CFE01DF28D430092C407 /* SearchResults.swift in Sources */,
				FF0CE3451DE9EEA300CD5006 /* AvailableTableViewController.swift in Sources */,
			);
			runOnlyForDeploymentPostprocessing = 0;
		};
		FF0CE3151DE9BFAC00CD5006 /* Sources */ = {
			isa = PBXSourcesBuildPhase;
			buildActionMask = 2147483647;
			files = (
				FF0CE31E1DE9BFAC00CD5006 /* BibSenacTests.swift in Sources */,
			);
			runOnlyForDeploymentPostprocessing = 0;
		};
		FF0CE3201DE9BFAC00CD5006 /* Sources */ = {
			isa = PBXSourcesBuildPhase;
			buildActionMask = 2147483647;
			files = (
				FF0CE3291DE9BFAC00CD5006 /* BibSenacUITests.swift in Sources */,
			);
			runOnlyForDeploymentPostprocessing = 0;
		};
/* End PBXSourcesBuildPhase section */

/* Begin PBXTargetDependency section */
		FF0CE31B1DE9BFAC00CD5006 /* PBXTargetDependency */ = {
			isa = PBXTargetDependency;
			target = FF0CE3041DE9BFAC00CD5006 /* BibSenac */;
			targetProxy = FF0CE31A1DE9BFAC00CD5006 /* PBXContainerItemProxy */;
		};
		FF0CE3261DE9BFAC00CD5006 /* PBXTargetDependency */ = {
			isa = PBXTargetDependency;
			target = FF0CE3041DE9BFAC00CD5006 /* BibSenac */;
			targetProxy = FF0CE3251DE9BFAC00CD5006 /* PBXContainerItemProxy */;
		};
/* End PBXTargetDependency section */

/* Begin PBXVariantGroup section */
		FF0CE30C1DE9BFAC00CD5006 /* Main.storyboard */ = {
			isa = PBXVariantGroup;
			children = (
				FF0CE30D1DE9BFAC00CD5006 /* Base */,
			);
			name = Main.storyboard;
			sourceTree = "<group>";
		};
		FF0CE3111DE9BFAC00CD5006 /* LaunchScreen.storyboard */ = {
			isa = PBXVariantGroup;
			children = (
				FF0CE3121DE9BFAC00CD5006 /* Base */,
			);
			name = LaunchScreen.storyboard;
			sourceTree = "<group>";
		};
/* End PBXVariantGroup section */

/* Begin XCBuildConfiguration section */
		FF0CE32B1DE9BFAC00CD5006 /* Debug */ = {
			isa = XCBuildConfiguration;
			buildSettings = {
				ALWAYS_SEARCH_USER_PATHS = NO;
				CLANG_ANALYZER_NONNULL = YES;
				CLANG_CXX_LANGUAGE_STANDARD = "gnu++0x";
				CLANG_CXX_LIBRARY = "libc++";
				CLANG_ENABLE_MODULES = YES;
				CLANG_ENABLE_OBJC_ARC = YES;
				CLANG_WARN_BOOL_CONVERSION = YES;
				CLANG_WARN_CONSTANT_CONVERSION = YES;
				CLANG_WARN_DIRECT_OBJC_ISA_USAGE = YES_ERROR;
				CLANG_WARN_DOCUMENTATION_COMMENTS = YES;
				CLANG_WARN_EMPTY_BODY = YES;
				CLANG_WARN_ENUM_CONVERSION = YES;
				CLANG_WARN_INFINITE_RECURSION = YES;
				CLANG_WARN_INT_CONVERSION = YES;
				CLANG_WARN_OBJC_ROOT_CLASS = YES_ERROR;
				CLANG_WARN_SUSPICIOUS_MOVES = YES;
				CLANG_WARN_UNREACHABLE_CODE = YES;
				CLANG_WARN__DUPLICATE_METHOD_MATCH = YES;
				"CODE_SIGN_IDENTITY[sdk=iphoneos*]" = "iPhone Developer";
				COPY_PHASE_STRIP = NO;
				DEBUG_INFORMATION_FORMAT = dwarf;
				ENABLE_STRICT_OBJC_MSGSEND = YES;
				ENABLE_TESTABILITY = YES;
				GCC_C_LANGUAGE_STANDARD = gnu99;
				GCC_DYNAMIC_NO_PIC = NO;
				GCC_NO_COMMON_BLOCKS = YES;
				GCC_OPTIMIZATION_LEVEL = 0;
				GCC_PREPROCESSOR_DEFINITIONS = (
					"DEBUG=1",
					"$(inherited)",
				);
				GCC_WARN_64_TO_32_BIT_CONVERSION = YES;
				GCC_WARN_ABOUT_RETURN_TYPE = YES_ERROR;
				GCC_WARN_UNDECLARED_SELECTOR = YES;
				GCC_WARN_UNINITIALIZED_AUTOS = YES_AGGRESSIVE;
				GCC_WARN_UNUSED_FUNCTION = YES;
				GCC_WARN_UNUSED_VARIABLE = YES;
				IPHONEOS_DEPLOYMENT_TARGET = 10.1;
				MTL_ENABLE_DEBUG_INFO = YES;
				ONLY_ACTIVE_ARCH = YES;
				SDKROOT = iphoneos;
				SWIFT_ACTIVE_COMPILATION_CONDITIONS = DEBUG;
				SWIFT_OPTIMIZATION_LEVEL = "-Onone";
				TARGETED_DEVICE_FAMILY = "1,2";
			};
			name = Debug;
		};
		FF0CE32C1DE9BFAC00CD5006 /* Release */ = {
			isa = XCBuildConfiguration;
			buildSettings = {
				ALWAYS_SEARCH_USER_PATHS = NO;
				CLANG_ANALYZER_NONNULL = YES;
				CLANG_CXX_LANGUAGE_STANDARD = "gnu++0x";
				CLANG_CXX_LIBRARY = "libc++";
				CLANG_ENABLE_MODULES = YES;
				CLANG_ENABLE_OBJC_ARC = YES;
				CLANG_WARN_BOOL_CONVERSION = YES;
				CLANG_WARN_CONSTANT_CONVERSION = YES;
				CLANG_WARN_DIRECT_OBJC_ISA_USAGE = YES_ERROR;
				CLANG_WARN_DOCUMENTATION_COMMENTS = YES;
				CLANG_WARN_EMPTY_BODY = YES;
				CLANG_WARN_ENUM_CONVERSION = YES;
				CLANG_WARN_INFINITE_RECURSION = YES;
				CLANG_WARN_INT_CONVERSION = YES;
				CLANG_WARN_OBJC_ROOT_CLASS = YES_ERROR;
				CLANG_WARN_SUSPICIOUS_MOVES = YES;
				CLANG_WARN_UNREACHABLE_CODE = YES;
				CLANG_WARN__DUPLICATE_METHOD_MATCH = YES;
				"CODE_SIGN_IDENTITY[sdk=iphoneos*]" = "iPhone Developer";
				COPY_PHASE_STRIP = NO;
				DEBUG_INFORMATION_FORMAT = "dwarf-with-dsym";
				ENABLE_NS_ASSERTIONS = NO;
				ENABLE_STRICT_OBJC_MSGSEND = YES;
				GCC_C_LANGUAGE_STANDARD = gnu99;
				GCC_NO_COMMON_BLOCKS = YES;
				GCC_WARN_64_TO_32_BIT_CONVERSION = YES;
				GCC_WARN_ABOUT_RETURN_TYPE = YES_ERROR;
				GCC_WARN_UNDECLARED_SELECTOR = YES;
				GCC_WARN_UNINITIALIZED_AUTOS = YES_AGGRESSIVE;
				GCC_WARN_UNUSED_FUNCTION = YES;
				GCC_WARN_UNUSED_VARIABLE = YES;
				IPHONEOS_DEPLOYMENT_TARGET = 10.1;
				MTL_ENABLE_DEBUG_INFO = NO;
				SDKROOT = iphoneos;
				SWIFT_OPTIMIZATION_LEVEL = "-Owholemodule";
				TARGETED_DEVICE_FAMILY = "1,2";
				VALIDATE_PRODUCT = YES;
			};
			name = Release;
		};
		FF0CE32E1DE9BFAC00CD5006 /* Debug */ = {
			isa = XCBuildConfiguration;
			baseConfigurationReference = 302DC2468372330D2EB94655 /* Pods-BibSenac.debug.xcconfig */;
			buildSettings = {
				ASSETCATALOG_COMPILER_APPICON_NAME = AppIcon;
				INFOPLIST_FILE = BibSenac/Info.plist;
				IPHONEOS_DEPLOYMENT_TARGET = 10.0;
				LD_RUNPATH_SEARCH_PATHS = "$(inherited) @executable_path/Frameworks";
				PRODUCT_BUNDLE_IDENTIFIER = com.edm.BibSenac;
				PRODUCT_NAME = "$(TARGET_NAME)";
				SWIFT_VERSION = 3.0;
			};
			name = Debug;
		};
		FF0CE32F1DE9BFAC00CD5006 /* Release */ = {
			isa = XCBuildConfiguration;
			baseConfigurationReference = E21CBF60F5B2E704DA2EACFA /* Pods-BibSenac.release.xcconfig */;
			buildSettings = {
				ASSETCATALOG_COMPILER_APPICON_NAME = AppIcon;
				INFOPLIST_FILE = BibSenac/Info.plist;
				IPHONEOS_DEPLOYMENT_TARGET = 10.0;
				LD_RUNPATH_SEARCH_PATHS = "$(inherited) @executable_path/Frameworks";
				PRODUCT_BUNDLE_IDENTIFIER = com.edm.BibSenac;
				PRODUCT_NAME = "$(TARGET_NAME)";
				SWIFT_VERSION = 3.0;
			};
			name = Release;
		};
		FF0CE3311DE9BFAC00CD5006 /* Debug */ = {
			isa = XCBuildConfiguration;
			baseConfigurationReference = CFAC0BA43E01518724F75EBF /* Pods-BibSenacTests.debug.xcconfig */;
			buildSettings = {
				ALWAYS_EMBED_SWIFT_STANDARD_LIBRARIES = YES;
				BUNDLE_LOADER = "$(TEST_HOST)";
				INFOPLIST_FILE = BibSenacTests/Info.plist;
				LD_RUNPATH_SEARCH_PATHS = "$(inherited) @executable_path/Frameworks @loader_path/Frameworks";
				PRODUCT_BUNDLE_IDENTIFIER = com.edm.BibSenacTests;
				PRODUCT_NAME = "$(TARGET_NAME)";
				SWIFT_VERSION = 3.0;
				TEST_HOST = "$(BUILT_PRODUCTS_DIR)/BibSenac.app/BibSenac";
			};
			name = Debug;
		};
		FF0CE3321DE9BFAC00CD5006 /* Release */ = {
			isa = XCBuildConfiguration;
			baseConfigurationReference = 274A86B564AC1C6B473C7461 /* Pods-BibSenacTests.release.xcconfig */;
			buildSettings = {
				ALWAYS_EMBED_SWIFT_STANDARD_LIBRARIES = YES;
				BUNDLE_LOADER = "$(TEST_HOST)";
				INFOPLIST_FILE = BibSenacTests/Info.plist;
				LD_RUNPATH_SEARCH_PATHS = "$(inherited) @executable_path/Frameworks @loader_path/Frameworks";
				PRODUCT_BUNDLE_IDENTIFIER = com.edm.BibSenacTests;
				PRODUCT_NAME = "$(TARGET_NAME)";
				SWIFT_VERSION = 3.0;
				TEST_HOST = "$(BUILT_PRODUCTS_DIR)/BibSenac.app/BibSenac";
			};
			name = Release;
		};
		FF0CE3341DE9BFAC00CD5006 /* Debug */ = {
			isa = XCBuildConfiguration;
			baseConfigurationReference = 47BFC38BFD31EBA71EA6103F /* Pods-BibSenacUITests.debug.xcconfig */;
			buildSettings = {
				ALWAYS_EMBED_SWIFT_STANDARD_LIBRARIES = YES;
				INFOPLIST_FILE = BibSenacUITests/Info.plist;
				LD_RUNPATH_SEARCH_PATHS = "$(inherited) @executable_path/Frameworks @loader_path/Frameworks";
				PRODUCT_BUNDLE_IDENTIFIER = com.edm.BibSenacUITests;
				PRODUCT_NAME = "$(TARGET_NAME)";
				SWIFT_VERSION = 3.0;
				TEST_TARGET_NAME = BibSenac;
			};
			name = Debug;
		};
		FF0CE3351DE9BFAC00CD5006 /* Release */ = {
			isa = XCBuildConfiguration;
			baseConfigurationReference = 31A83E05B867F6BB2154DC12 /* Pods-BibSenacUITests.release.xcconfig */;
			buildSettings = {
				ALWAYS_EMBED_SWIFT_STANDARD_LIBRARIES = YES;
				INFOPLIST_FILE = BibSenacUITests/Info.plist;
				LD_RUNPATH_SEARCH_PATHS = "$(inherited) @executable_path/Frameworks @loader_path/Frameworks";
				PRODUCT_BUNDLE_IDENTIFIER = com.edm.BibSenacUITests;
				PRODUCT_NAME = "$(TARGET_NAME)";
				SWIFT_VERSION = 3.0;
				TEST_TARGET_NAME = BibSenac;
			};
			name = Release;
		};
/* End XCBuildConfiguration section */

/* Begin XCConfigurationList section */
		FF0CE3001DE9BFAC00CD5006 /* Build configuration list for PBXProject "BibSenac" */ = {
			isa = XCConfigurationList;
			buildConfigurations = (
				FF0CE32B1DE9BFAC00CD5006 /* Debug */,
				FF0CE32C1DE9BFAC00CD5006 /* Release */,
			);
			defaultConfigurationIsVisible = 0;
			defaultConfigurationName = Release;
		};
		FF0CE32D1DE9BFAC00CD5006 /* Build configuration list for PBXNativeTarget "BibSenac" */ = {
			isa = XCConfigurationList;
			buildConfigurations = (
				FF0CE32E1DE9BFAC00CD5006 /* Debug */,
				FF0CE32F1DE9BFAC00CD5006 /* Release */,
			);
			defaultConfigurationIsVisible = 0;
			defaultConfigurationName = Release;
		};
		FF0CE3301DE9BFAC00CD5006 /* Build configuration list for PBXNativeTarget "BibSenacTests" */ = {
			isa = XCConfigurationList;
			buildConfigurations = (
				FF0CE3311DE9BFAC00CD5006 /* Debug */,
				FF0CE3321DE9BFAC00CD5006 /* Release */,
			);
			defaultConfigurationIsVisible = 0;
			defaultConfigurationName = Release;
		};
		FF0CE3331DE9BFAC00CD5006 /* Build configuration list for PBXNativeTarget "BibSenacUITests" */ = {
			isa = XCConfigurationList;
			buildConfigurations = (
				FF0CE3341DE9BFAC00CD5006 /* Debug */,
				FF0CE3351DE9BFAC00CD5006 /* Release */,
			);
			defaultConfigurationIsVisible = 0;
			defaultConfigurationName = Release;
		};
/* End XCConfigurationList section */
	};
	rootObject = FF0CE2FD1DE9BFAC00CD5006 /* Project object */;
}
